{
  "name": "client",
  "version": "1.0.0",
  "lockfileVersion": 1,
  "requires": true,
  "dependencies": {
    "@fortawesome/fontawesome-free": {
      "version": "5.12.1",
      "resolved": "https://registry.npmjs.org/@fortawesome/fontawesome-free/-/fontawesome-free-5.12.1.tgz",
      "integrity": "sha512-ZtjIIFplxncqxvogq148C3hBLQE+W3iJ8E4UvJ09zIJUgzwLcROsWwFDErVSXY2Plzao5J9KUYNHKHMEUYDMKw=="
    },
    "@uirouter/angularjs": {
      "version": "1.0.25",
      "resolved": "https://registry.npmjs.org/@uirouter/angularjs/-/angularjs-1.0.25.tgz",
      "integrity": "sha512-kf9bxBhqa1ZUw0aDlz4H17VqAD30MVJY6HM7J628vDeNN9yZt7SDYpwqSrR3y6NBadZUPjaKsDoKsyQQSWArNA==",
      "requires": {
        "@uirouter/core": "6.0.4"
      }
    },
    "@uirouter/core": {
      "version": "6.0.4",
      "resolved": "https://registry.npmjs.org/@uirouter/core/-/core-6.0.4.tgz",
      "integrity": "sha512-TQ9XOzZY+jmWKkU4993MAEBIy7Bs3kijDzj+A6RHR8gq/3UoQm3Q/l1igfao5GZyBjid7eRVeipPK14ovCYQ3g=="
    },
    "angular": {
      "version": "1.7.9",
      "resolved": "https://registry.npmjs.org/angular/-/angular-1.7.9.tgz",
      "integrity": "sha512-5se7ZpcOtu0MBFlzGv5dsM1quQDoDeUTwZrWjGtTNA7O88cD8TEk5IEKCTDa3uECV9XnvKREVUr7du1ACiWGFQ=="
    },
    "angular-chart.js": {
      "version": "1.1.1",
      "resolved": "https://registry.npmjs.org/angular-chart.js/-/angular-chart.js-1.1.1.tgz",
      "integrity": "sha1-SfDhjQgXYrbUyXkeSHr/L7sw9a4=",
      "requires": {
        "angular": "1.x",
        "chart.js": "2.3.x"
      }
    },
    "angular-datatables": {
      "version": "0.6.4",
      "resolved": "https://registry.npmjs.org/angular-datatables/-/angular-datatables-0.6.4.tgz",
      "integrity": "sha512-c+pODkVd18ZKyJ1RJeu+uqV4IviEAG+a0OgXLDRdDRyqfREEGdi02wg0f3u79+CpjY8vYRGYv36MsAuQf6SQyA==",
      "requires": {
        "angular": ">=1.7.0",
        "datatables.net": "^1.10.11",
        "datatables.net-dt": "^1.10.11",
        "jquery": ">=1.11.0"
      }
    },
    "angular-local-storage": {
      "version": "0.7.1",
      "resolved": "https://registry.npmjs.org/angular-local-storage/-/angular-local-storage-0.7.1.tgz",
      "integrity": "sha1-+9JzB2PCn6mvVyXgGGx4BiHozdI="
    },
    "angular-route": {
      "version": "1.7.8",
      "resolved": "https://registry.npmjs.org/angular-route/-/angular-route-1.7.8.tgz",
      "integrity": "sha512-VVk89PH0fsY5kfbx+N7IVX1IwnaPWYhMGY0uA+rjej2v1sjvrTx1SLkxUK4E0UpW1hXeLJhN7ncBcwoBiPtAtA=="
    },
    "chart.js": {
      "version": "2.3.0",
      "resolved": "https://registry.npmjs.org/chart.js/-/chart.js-2.3.0.tgz",
      "integrity": "sha1-QEYOSOLEF8BfwzJc2E97AA3H19Y=",
      "requires": {
        "chartjs-color": "^2.0.0",
        "moment": "^2.10.6"
      }
    },
    "chartjs-color": {
      "version": "2.4.1",
      "resolved": "https://registry.npmjs.org/chartjs-color/-/chartjs-color-2.4.1.tgz",
      "integrity": "sha512-haqOg1+Yebys/Ts/9bLo/BqUcONQOdr/hoEr2LLTRl6C5LXctUdHxsCYfvQVg5JIxITrfCNUDr4ntqmQk9+/0w==",
      "requires": {
        "chartjs-color-string": "^0.6.0",
        "color-convert": "^1.9.3"
      }
    },
    "chartjs-color-string": {
      "version": "0.6.0",
      "resolved": "https://registry.npmjs.org/chartjs-color-string/-/chartjs-color-string-0.6.0.tgz",
      "integrity": "sha512-TIB5OKn1hPJvO7JcteW4WY/63v6KwEdt6udfnDE9iCAZgy+V4SrbSxoIbTw/xkUIapjEI4ExGtD0+6D3KyFd7A==",
      "requires": {
        "color-name": "^1.0.0"
      }
    },
    "color-convert": {
      "version": "1.9.3",
      "resolved": "https://registry.npmjs.org/color-convert/-/color-convert-1.9.3.tgz",
      "integrity": "sha512-QfAUtd+vFdAtFQcC8CCyYt1fYWxSqAiK2cSD6zDB8N3cpsEBAvRxp9zOGg6G/SHHJYAT88/az/IuDGALsNVbGg==",
      "requires": {
        "color-name": "1.1.3"
      },
      "dependencies": {
        "color-name": {
          "version": "1.1.3",
          "resolved": "https://registry.npmjs.org/color-name/-/color-name-1.1.3.tgz",
          "integrity": "sha1-p9BVi9icQveV3UIyj3QIMcpTvCU="
        }
      }
    },
    "color-name": {
      "version": "1.1.4",
      "resolved": "https://registry.npmjs.org/color-name/-/color-name-1.1.4.tgz",
      "integrity": "sha512-dOy+3AuW3a2wNbZHIuMZpTcgjGuLU/uBL/ubcZF9OXbDo8ff4O8yVp5Bf0efS8uEoYo5q4Fx7dY9OgQGXgAsQA=="
    },
    "datatables.net": {
      "version": "1.10.20",
      "resolved": "https://registry.npmjs.org/datatables.net/-/datatables.net-1.10.20.tgz",
      "integrity": "sha512-4E4S7tTU607N3h0fZPkGmAtr9mwy462u+VJ6gxYZ8MxcRIjZqHy3Dv1GNry7i3zQCktTdWbULVKBbkAJkuHEnQ==",
      "requires": {
        "jquery": ">=1.7"
      }
    },
    "datatables.net-dt": {
      "version": "1.10.20",
      "resolved": "https://registry.npmjs.org/datatables.net-dt/-/datatables.net-dt-1.10.20.tgz",
      "integrity": "sha512-D+65buDke96a3WlJo2re+SbcAVfjPh2nsFZG198Vbkz3i1wKPdB+wkV2K07qYIiIpypcXWOnD2pz3MvnUqM9Tw==",
      "requires": {
        "datatables.net": "1.10.20",
        "jquery": ">=1.7"
      }
    },
    "jquery": {
      "version": "3.5.0",
      "resolved": "https://registry.npmjs.org/jquery/-/jquery-3.5.0.tgz",
      "integrity": "sha512-Xb7SVYMvygPxbFMpTFQiHh1J7HClEaThguL15N/Gg37Lri/qKyhRGZYzHRyLH8Stq3Aow0LsHO2O2ci86fCrNQ=="
    },
    "jquery-validation": {
      "version": "1.19.1",
      "resolved": "https://registry.npmjs.org/jquery-validation/-/jquery-validation-1.19.1.tgz",
      "integrity": "sha512-QNnrZBqSltWUEJx+shOY5WtfrIb0gWmDjFfQP8rZKqMMSfpRSwEkSqhfHPvDfkObD8Hnv5KHSYI8yg73sVFdqA=="
    },
    "moment": {
      "version": "2.24.0",
      "resolved": "https://registry.npmjs.org/moment/-/moment-2.24.0.tgz",
      "integrity": "sha512-bV7f+6l2QigeBBZSM/6yTNq4P2fNpSWj/0e7jQcy87A8e7o2nAfP/34/2ky5Vw4B9S446EtIhodAzkFCcR4dQg=="
    },
    "popper.js": {
      "version": "1.16.1",
      "resolved": "https://registry.npmjs.org/popper.js/-/popper.js-1.16.1.tgz",
      "integrity": "sha512-Wb4p1J4zyFTbM+u6WuO4XstYx4Ky9Cewe4DWrel7B0w6VVICvPwdOpotjzcf6eD8TsckVnIMNONQyPIUFOUbCQ=="
    },
    "swangular": {
      "version": "1.4.3",
      "resolved": "https://registry.npmjs.org/swangular/-/swangular-1.4.3.tgz",
      "integrity": "sha512-dLbbfYoV0AWI+eqSwFfSLf/QkD7W9PM5kAuzV9TT9vb3esQYvg9TVV6Uoat9i5X6o0lIDAr60QEMA8d/keOyPQ==",
      "requires": {
        "angular": ">=1.3.0",
        "sweetalert2": "7.1.*"
      }
    },
    "sweetalert2": {
      "version": "7.1.3",
      "resolved": "https://registry.npmjs.org/sweetalert2/-/sweetalert2-7.1.3.tgz",
      "integrity": "sha512-aOA8W61rdb3SaGwAekDE5yYIhaEvkyK5vxbOlAA9liNaAOthUOFyftvUpt49fc6OcGV/1HH+SRZOk7MrJ76N9w=="
    },
    "ui-bootstrap4": {
      "version": "3.0.6",
      "resolved": "https://registry.npmjs.org/ui-bootstrap4/-/ui-bootstrap4-3.0.6.tgz",
      "integrity": "sha512-Kh38WAu/S8EiyKRMaATkFjsbQplJHvP+g2lxitE5SbjQTDieua8T7d+mQNxbxTjfmJqGtVzsHQCHRmBVdKPeOg=="
    },
    "ui-select": {
      "version": "0.19.8",
      "resolved": "https://registry.npmjs.org/ui-select/-/ui-select-0.19.8.tgz",
      "integrity": "sha1-dIYISKf9i8SU2YVtL2J3bqmGN8E="
    },
    "uuid": {
      "version": "3.4.0",
      "resolved": "https://registry.npmjs.org/uuid/-/uuid-3.4.0.tgz",
      "integrity": "sha512-HjSDRw6gZE5JMggctHBcjVak08+KEVhSIiDzFnT9S9aegmp85S/bReBVTb4QTFaRNptJ9kuYaNhnbNEOkbKb/A=="
    }
  }
}
